{
  "name": "svelte-crossword",
  "version": "0.3.4",
  "lockfileVersion": 1,
  "requires": true,
  "dependencies": {
    "svelte-keyboard": {
      "version": "0.2.0",
      "resolved": "https://registry.npmjs.org/svelte-keyboard/-/svelte-keyboard-0.2.0.tgz",
      "integrity": "sha512-4McKxV/IKp+7v4X+D521392OU2RYGZAI5thV2/VtEfgG/WMTpjc/Zu7npqCEajdwptFueyhyZfLf8LrQsRaMvw=="
    }
  }
}
