{
  "name": "svelte-crossword",
  "version": "0.0.2",
  "lockfileVersion": 1,
  "requires": true,
  "dependencies": {
    "svelte": {
      "version": "3.29.0",
      "resolved": "https://registry.npmjs.org/svelte/-/svelte-3.29.0.tgz",
      "integrity": "sha512-f+A65eyOQ5ujETLy+igNXtlr6AEjAQLYd1yJE1VwNiXMQO5Z/Vmiy3rL+zblV/9jd7rtTTWqO1IcuXsP2Qv0OA=="
    }
  }
}
