{
  "name": "svelte-crossword",
  "version": "0.0.6",
  "lockfileVersion": 1,
  "requires": true,
  "dependencies": {
    "svelte-keyboard": {
      "version": "0.0.2",
      "resolved": "https://registry.npmjs.org/svelte-keyboard/-/svelte-keyboard-0.0.2.tgz",
      "integrity": "sha512-TwsXXZdYgHcRAvzslJGuv8VmyKiFMdC4oihU09/s2yLEHrw/rFKS+EA29z9Ha1RXAZkhFQV3vakMhqxp7aVpow=="
    }
  }
}
